
Microsoft Visual Studio Solution File, Format Version 12.00
# Visual Studio 14
VisualStudioVersion = 14.0.25420.1
MinimumVisualStudioVersion = 10.0.40219.1
Project("{2150E333-8FDC-42A3-9474-1A3956D46DE8}") = "Engine", "Engine", "{2CE5E01C-00AF-47FF-B99D-4107BCADF2DA}"
EndProject
Project("{2150E333-8FDC-42A3-9474-1A3956D46DE8}") = "Games", "Games", "{E2D05151-4677-4962-88BE-18D37928FB3B}"
EndProject
Project("{8BC9CEB8-8B4A-11D0-8D11-00A0C91BC942}") = "UE4", "Intermediate\ProjectFiles\UE4.vcxproj", "{C30BE484-7A6B-49E6-987E-23956DD984DF}"
EndProject
Project("{8BC9CEB8-8B4A-11D0-8D11-00A0C91BC942}") = "BattleTank", "Intermediate\ProjectFiles\BattleTank.vcxproj", "{892C3F8F-07D6-4E84-B188-23135B015381}"
EndProject
Global
	GlobalSection(SolutionConfigurationPlatforms) = preSolution
		DebugGame Editor|HTML5 = DebugGame Editor|HTML5
		DebugGame Editor|Win32 = DebugGame Editor|Win32
		DebugGame Editor|Win64 = DebugGame Editor|Win64
		DebugGame|HTML5 = DebugGame|HTML5
		DebugGame|Win32 = DebugGame|Win32
		DebugGame|Win64 = DebugGame|Win64
		Development Editor|HTML5 = Development Editor|HTML5
		Development Editor|Win32 = Development Editor|Win32
		Development Editor|Win64 = Development Editor|Win64
		Development|HTML5 = Development|HTML5
		Development|Win32 = Development|Win32
		Development|Win64 = Development|Win64
		Shipping|HTML5 = Shipping|HTML5
		Shipping|Win32 = Shipping|Win32
		Shipping|Win64 = Shipping|Win64
	EndGlobalSection
	GlobalSection(ProjectConfigurationPlatforms) = postSolution
		{C30BE484-7A6B-49E6-987E-23956DD984DF}.DebugGame Editor|HTML5.ActiveCfg = BuiltWithUnrealBuildTool|Win32
		{C30BE484-7A6B-49E6-987E-23956DD984DF}.DebugGame Editor|HTML5.Build.0 = BuiltWithUnrealBuildTool|Win32
		{C30BE484-7A6B-49E6-987E-23956DD984DF}.DebugGame Editor|Win32.ActiveCfg = BuiltWithUnrealBuildTool|Win32
		{C30BE484-7A6B-49E6-987E-23956DD984DF}.DebugGame Editor|Win32.Build.0 = BuiltWithUnrealBuildTool|Win32
		{C30BE484-7A6B-49E6-987E-23956DD984DF}.DebugGame Editor|Win64.ActiveCfg = BuiltWithUnrealBuildTool|Win32
		{C30BE484-7A6B-49E6-987E-23956DD984DF}.DebugGame Editor|Win64.Build.0 = BuiltWithUnrealBuildTool|Win32
		{C30BE484-7A6B-49E6-987E-23956DD984DF}.DebugGame|HTML5.ActiveCfg = BuiltWithUnrealBuildTool|Win32
		{C30BE484-7A6B-49E6-987E-23956DD984DF}.DebugGame|HTML5.Build.0 = BuiltWithUnrealBuildTool|Win32
		{C30BE484-7A6B-49E6-987E-23956DD984DF}.DebugGame|Win32.ActiveCfg = BuiltWithUnrealBuildTool|Win32
		{C30BE484-7A6B-49E6-987E-23956DD984DF}.DebugGame|Win32.Build.0 = BuiltWithUnrealBuildTool|Win32
		{C30BE484-7A6B-49E6-987E-23956DD984DF}.DebugGame|Win64.ActiveCfg = BuiltWithUnrealBuildTool|Win32
		{C30BE484-7A6B-49E6-987E-23956DD984DF}.DebugGame|Win64.Build.0 = BuiltWithUnrealBuildTool|Win32
		{C30BE484-7A6B-49E6-987E-23956DD984DF}.Development Editor|HTML5.ActiveCfg = BuiltWithUnrealBuildTool|Win32
		{C30BE484-7A6B-49E6-987E-23956DD984DF}.Development Editor|HTML5.Build.0 = BuiltWithUnrealBuildTool|Win32
		{C30BE484-7A6B-49E6-987E-23956DD984DF}.Development Editor|Win32.ActiveCfg = BuiltWithUnrealBuildTool|Win32
		{C30BE484-7A6B-49E6-987E-23956DD984DF}.Development Editor|Win32.Build.0 = BuiltWithUnrealBuildTool|Win32
		{C30BE484-7A6B-49E6-987E-23956DD984DF}.Development Editor|Win64.ActiveCfg = BuiltWithUnrealBuildTool|Win32
		{C30BE484-7A6B-49E6-987E-23956DD984DF}.Development Editor|Win64.Build.0 = BuiltWithUnrealBuildTool|Win32
		{C30BE484-7A6B-49E6-987E-23956DD984DF}.Development|HTML5.ActiveCfg = BuiltWithUnrealBuildTool|Win32
		{C30BE484-7A6B-49E6-987E-23956DD984DF}.Development|HTML5.Build.0 = BuiltWithUnrealBuildTool|Win32
		{C30BE484-7A6B-49E6-987E-23956DD984DF}.Development|Win32.ActiveCfg = BuiltWithUnrealBuildTool|Win32
		{C30BE484-7A6B-49E6-987E-23956DD984DF}.Development|Win32.Build.0 = BuiltWithUnrealBuildTool|Win32
		{C30BE484-7A6B-49E6-987E-23956DD984DF}.Development|Win64.ActiveCfg = BuiltWithUnrealBuildTool|Win32
		{C30BE484-7A6B-49E6-987E-23956DD984DF}.Development|Win64.Build.0 = BuiltWithUnrealBuildTool|Win32
		{C30BE484-7A6B-49E6-987E-23956DD984DF}.Shipping|HTML5.ActiveCfg = BuiltWithUnrealBuildTool|Win32
		{C30BE484-7A6B-49E6-987E-23956DD984DF}.Shipping|HTML5.Build.0 = BuiltWithUnrealBuildTool|Win32
		{C30BE484-7A6B-49E6-987E-23956DD984DF}.Shipping|Win32.ActiveCfg = BuiltWithUnrealBuildTool|Win32
		{C30BE484-7A6B-49E6-987E-23956DD984DF}.Shipping|Win32.Build.0 = BuiltWithUnrealBuildTool|Win32
		{C30BE484-7A6B-49E6-987E-23956DD984DF}.Shipping|Win64.ActiveCfg = BuiltWithUnrealBuildTool|Win32
		{C30BE484-7A6B-49E6-987E-23956DD984DF}.Shipping|Win64.Build.0 = BuiltWithUnrealBuildTool|Win32
		{892C3F8F-07D6-4E84-B188-23135B015381}.DebugGame Editor|HTML5.ActiveCfg = HTML5_DebugGame_Editor|Win32
		{892C3F8F-07D6-4E84-B188-23135B015381}.DebugGame Editor|Win32.ActiveCfg = DebugGame_Editor|Win32
		{892C3F8F-07D6-4E84-B188-23135B015381}.DebugGame Editor|Win64.ActiveCfg = DebugGame_Editor|x64
		{892C3F8F-07D6-4E84-B188-23135B015381}.DebugGame Editor|Win64.Build.0 = DebugGame_Editor|x64
		{892C3F8F-07D6-4E84-B188-23135B015381}.DebugGame|HTML5.ActiveCfg = HTML5_DebugGame_Game|Win32
		{892C3F8F-07D6-4E84-B188-23135B015381}.DebugGame|HTML5.Build.0 = HTML5_DebugGame_Game|Win32
		{892C3F8F-07D6-4E84-B188-23135B015381}.DebugGame|Win32.ActiveCfg = DebugGame_Game|Win32
		{892C3F8F-07D6-4E84-B188-23135B015381}.DebugGame|Win32.Build.0 = DebugGame_Game|Win32
		{892C3F8F-07D6-4E84-B188-23135B015381}.DebugGame|Win64.ActiveCfg = DebugGame_Game|x64
		{892C3F8F-07D6-4E84-B188-23135B015381}.DebugGame|Win64.Build.0 = DebugGame_Game|x64
		{892C3F8F-07D6-4E84-B188-23135B015381}.Development Editor|HTML5.ActiveCfg = HTML5_Development_Editor|Win32
		{892C3F8F-07D6-4E84-B188-23135B015381}.Development Editor|Win32.ActiveCfg = Development_Editor|Win32
		{892C3F8F-07D6-4E84-B188-23135B015381}.Development Editor|Win64.ActiveCfg = Development_Editor|x64
		{892C3F8F-07D6-4E84-B188-23135B015381}.Development Editor|Win64.Build.0 = Development_Editor|x64
		{892C3F8F-07D6-4E84-B188-23135B015381}.Development|HTML5.ActiveCfg = HTML5_Development_Game|Win32
		{892C3F8F-07D6-4E84-B188-23135B015381}.Development|HTML5.Build.0 = HTML5_Development_Game|Win32
		{892C3F8F-07D6-4E84-B188-23135B015381}.Development|Win32.ActiveCfg = Development_Game|Win32
		{892C3F8F-07D6-4E84-B188-23135B015381}.Development|Win32.Build.0 = Development_Game|Win32
		{892C3F8F-07D6-4E84-B188-23135B015381}.Development|Win64.ActiveCfg = Development_Game|x64
		{892C3F8F-07D6-4E84-B188-23135B015381}.Development|Win64.Build.0 = Development_Game|x64
		{892C3F8F-07D6-4E84-B188-23135B015381}.Shipping|HTML5.ActiveCfg = HTML5_Shipping_Game|Win32
		{892C3F8F-07D6-4E84-B188-23135B015381}.Shipping|HTML5.Build.0 = HTML5_Shipping_Game|Win32
		{892C3F8F-07D6-4E84-B188-23135B015381}.Shipping|Win32.ActiveCfg = Shipping_Game|Win32
		{892C3F8F-07D6-4E84-B188-23135B015381}.Shipping|Win32.Build.0 = Shipping_Game|Win32
		{892C3F8F-07D6-4E84-B188-23135B015381}.Shipping|Win64.ActiveCfg = Shipping_Game|x64
		{892C3F8F-07D6-4E84-B188-23135B015381}.Shipping|Win64.Build.0 = Shipping_Game|x64
	EndGlobalSection
	GlobalSection(SolutionProperties) = preSolution
		HideSolutionNode = FALSE
	EndGlobalSection
	GlobalSection(NestedProjects) = preSolution
		{C30BE484-7A6B-49E6-987E-23956DD984DF} = {2CE5E01C-00AF-47FF-B99D-4107BCADF2DA}
		{892C3F8F-07D6-4E84-B188-23135B015381} = {E2D05151-4677-4962-88BE-18D37928FB3B}
	EndGlobalSection
EndGlobal
