
Microsoft Visual Studio Solution File, Format Version 12.00
# Visual Studio 14
VisualStudioVersion = 14.0.25420.1
MinimumVisualStudioVersion = 10.0.40219.1
Project("{2150E333-8FDC-42A3-9474-1A3956D46DE8}") = "Engine", "Engine", "{805BB80B-E2F6-40AD-A794-3CD9AA10C409}"
EndProject
Project("{2150E333-8FDC-42A3-9474-1A3956D46DE8}") = "Games", "Games", "{F64A0647-1C5D-4813-9D1B-E3F36940875F}"
EndProject
Project("{8BC9CEB8-8B4A-11D0-8D11-00A0C91BC942}") = "UE4", "Intermediate\ProjectFiles\UE4.vcxproj", "{A3649A6A-3755-45AB-9C28-7A6A0D65155A}"
EndProject
Project("{8BC9CEB8-8B4A-11D0-8D11-00A0C91BC942}") = "BattleTank", "Intermediate\ProjectFiles\BattleTank.vcxproj", "{EB567BF7-8C66-4A6B-94E4-B38B0092C091}"
EndProject
Global
	GlobalSection(SolutionConfigurationPlatforms) = preSolution
		DebugGame Editor|HTML5 = DebugGame Editor|HTML5
		DebugGame Editor|Win32 = DebugGame Editor|Win32
		DebugGame Editor|Win64 = DebugGame Editor|Win64
		DebugGame|HTML5 = DebugGame|HTML5
		DebugGame|Win32 = DebugGame|Win32
		DebugGame|Win64 = DebugGame|Win64
		Development Editor|HTML5 = Development Editor|HTML5
		Development Editor|Win32 = Development Editor|Win32
		Development Editor|Win64 = Development Editor|Win64
		Development|HTML5 = Development|HTML5
		Development|Win32 = Development|Win32
		Development|Win64 = Development|Win64
		Shipping|HTML5 = Shipping|HTML5
		Shipping|Win32 = Shipping|Win32
		Shipping|Win64 = Shipping|Win64
	EndGlobalSection
	GlobalSection(ProjectConfigurationPlatforms) = postSolution
		{A3649A6A-3755-45AB-9C28-7A6A0D65155A}.DebugGame Editor|HTML5.ActiveCfg = BuiltWithUnrealBuildTool|Win32
		{A3649A6A-3755-45AB-9C28-7A6A0D65155A}.DebugGame Editor|HTML5.Build.0 = BuiltWithUnrealBuildTool|Win32
		{A3649A6A-3755-45AB-9C28-7A6A0D65155A}.DebugGame Editor|Win32.ActiveCfg = BuiltWithUnrealBuildTool|Win32
		{A3649A6A-3755-45AB-9C28-7A6A0D65155A}.DebugGame Editor|Win32.Build.0 = BuiltWithUnrealBuildTool|Win32
		{A3649A6A-3755-45AB-9C28-7A6A0D65155A}.DebugGame Editor|Win64.ActiveCfg = BuiltWithUnrealBuildTool|Win32
		{A3649A6A-3755-45AB-9C28-7A6A0D65155A}.DebugGame Editor|Win64.Build.0 = BuiltWithUnrealBuildTool|Win32
		{A3649A6A-3755-45AB-9C28-7A6A0D65155A}.DebugGame|HTML5.ActiveCfg = BuiltWithUnrealBuildTool|Win32
		{A3649A6A-3755-45AB-9C28-7A6A0D65155A}.DebugGame|HTML5.Build.0 = BuiltWithUnrealBuildTool|Win32
		{A3649A6A-3755-45AB-9C28-7A6A0D65155A}.DebugGame|Win32.ActiveCfg = BuiltWithUnrealBuildTool|Win32
		{A3649A6A-3755-45AB-9C28-7A6A0D65155A}.DebugGame|Win32.Build.0 = BuiltWithUnrealBuildTool|Win32
		{A3649A6A-3755-45AB-9C28-7A6A0D65155A}.DebugGame|Win64.ActiveCfg = BuiltWithUnrealBuildTool|Win32
		{A3649A6A-3755-45AB-9C28-7A6A0D65155A}.DebugGame|Win64.Build.0 = BuiltWithUnrealBuildTool|Win32
		{A3649A6A-3755-45AB-9C28-7A6A0D65155A}.Development Editor|HTML5.ActiveCfg = BuiltWithUnrealBuildTool|Win32
		{A3649A6A-3755-45AB-9C28-7A6A0D65155A}.Development Editor|HTML5.Build.0 = BuiltWithUnrealBuildTool|Win32
		{A3649A6A-3755-45AB-9C28-7A6A0D65155A}.Development Editor|Win32.ActiveCfg = BuiltWithUnrealBuildTool|Win32
		{A3649A6A-3755-45AB-9C28-7A6A0D65155A}.Development Editor|Win32.Build.0 = BuiltWithUnrealBuildTool|Win32
		{A3649A6A-3755-45AB-9C28-7A6A0D65155A}.Development Editor|Win64.ActiveCfg = BuiltWithUnrealBuildTool|Win32
		{A3649A6A-3755-45AB-9C28-7A6A0D65155A}.Development Editor|Win64.Build.0 = BuiltWithUnrealBuildTool|Win32
		{A3649A6A-3755-45AB-9C28-7A6A0D65155A}.Development|HTML5.ActiveCfg = BuiltWithUnrealBuildTool|Win32
		{A3649A6A-3755-45AB-9C28-7A6A0D65155A}.Development|HTML5.Build.0 = BuiltWithUnrealBuildTool|Win32
		{A3649A6A-3755-45AB-9C28-7A6A0D65155A}.Development|Win32.ActiveCfg = BuiltWithUnrealBuildTool|Win32
		{A3649A6A-3755-45AB-9C28-7A6A0D65155A}.Development|Win32.Build.0 = BuiltWithUnrealBuildTool|Win32
		{A3649A6A-3755-45AB-9C28-7A6A0D65155A}.Development|Win64.ActiveCfg = BuiltWithUnrealBuildTool|Win32
		{A3649A6A-3755-45AB-9C28-7A6A0D65155A}.Development|Win64.Build.0 = BuiltWithUnrealBuildTool|Win32
		{A3649A6A-3755-45AB-9C28-7A6A0D65155A}.Shipping|HTML5.ActiveCfg = BuiltWithUnrealBuildTool|Win32
		{A3649A6A-3755-45AB-9C28-7A6A0D65155A}.Shipping|HTML5.Build.0 = BuiltWithUnrealBuildTool|Win32
		{A3649A6A-3755-45AB-9C28-7A6A0D65155A}.Shipping|Win32.ActiveCfg = BuiltWithUnrealBuildTool|Win32
		{A3649A6A-3755-45AB-9C28-7A6A0D65155A}.Shipping|Win32.Build.0 = BuiltWithUnrealBuildTool|Win32
		{A3649A6A-3755-45AB-9C28-7A6A0D65155A}.Shipping|Win64.ActiveCfg = BuiltWithUnrealBuildTool|Win32
		{A3649A6A-3755-45AB-9C28-7A6A0D65155A}.Shipping|Win64.Build.0 = BuiltWithUnrealBuildTool|Win32
		{EB567BF7-8C66-4A6B-94E4-B38B0092C091}.DebugGame Editor|HTML5.ActiveCfg = HTML5_DebugGame_Editor|Win32
		{EB567BF7-8C66-4A6B-94E4-B38B0092C091}.DebugGame Editor|Win32.ActiveCfg = DebugGame_Editor|Win32
		{EB567BF7-8C66-4A6B-94E4-B38B0092C091}.DebugGame Editor|Win64.ActiveCfg = DebugGame_Editor|x64
		{EB567BF7-8C66-4A6B-94E4-B38B0092C091}.DebugGame Editor|Win64.Build.0 = DebugGame_Editor|x64
		{EB567BF7-8C66-4A6B-94E4-B38B0092C091}.DebugGame|HTML5.ActiveCfg = HTML5_DebugGame_Game|Win32
		{EB567BF7-8C66-4A6B-94E4-B38B0092C091}.DebugGame|HTML5.Build.0 = HTML5_DebugGame_Game|Win32
		{EB567BF7-8C66-4A6B-94E4-B38B0092C091}.DebugGame|Win32.ActiveCfg = DebugGame_Game|Win32
		{EB567BF7-8C66-4A6B-94E4-B38B0092C091}.DebugGame|Win32.Build.0 = DebugGame_Game|Win32
		{EB567BF7-8C66-4A6B-94E4-B38B0092C091}.DebugGame|Win64.ActiveCfg = DebugGame_Game|x64
		{EB567BF7-8C66-4A6B-94E4-B38B0092C091}.DebugGame|Win64.Build.0 = DebugGame_Game|x64
		{EB567BF7-8C66-4A6B-94E4-B38B0092C091}.Development Editor|HTML5.ActiveCfg = HTML5_Development_Editor|Win32
		{EB567BF7-8C66-4A6B-94E4-B38B0092C091}.Development Editor|Win32.ActiveCfg = Development_Editor|Win32
		{EB567BF7-8C66-4A6B-94E4-B38B0092C091}.Development Editor|Win64.ActiveCfg = Development_Editor|x64
		{EB567BF7-8C66-4A6B-94E4-B38B0092C091}.Development Editor|Win64.Build.0 = Development_Editor|x64
		{EB567BF7-8C66-4A6B-94E4-B38B0092C091}.Development|HTML5.ActiveCfg = HTML5_Development_Game|Win32
		{EB567BF7-8C66-4A6B-94E4-B38B0092C091}.Development|HTML5.Build.0 = HTML5_Development_Game|Win32
		{EB567BF7-8C66-4A6B-94E4-B38B0092C091}.Development|Win32.ActiveCfg = Development_Game|Win32
		{EB567BF7-8C66-4A6B-94E4-B38B0092C091}.Development|Win32.Build.0 = Development_Game|Win32
		{EB567BF7-8C66-4A6B-94E4-B38B0092C091}.Development|Win64.ActiveCfg = Development_Game|x64
		{EB567BF7-8C66-4A6B-94E4-B38B0092C091}.Development|Win64.Build.0 = Development_Game|x64
		{EB567BF7-8C66-4A6B-94E4-B38B0092C091}.Shipping|HTML5.ActiveCfg = HTML5_Shipping_Game|Win32
		{EB567BF7-8C66-4A6B-94E4-B38B0092C091}.Shipping|HTML5.Build.0 = HTML5_Shipping_Game|Win32
		{EB567BF7-8C66-4A6B-94E4-B38B0092C091}.Shipping|Win32.ActiveCfg = Shipping_Game|Win32
		{EB567BF7-8C66-4A6B-94E4-B38B0092C091}.Shipping|Win32.Build.0 = Shipping_Game|Win32
		{EB567BF7-8C66-4A6B-94E4-B38B0092C091}.Shipping|Win64.ActiveCfg = Shipping_Game|x64
		{EB567BF7-8C66-4A6B-94E4-B38B0092C091}.Shipping|Win64.Build.0 = Shipping_Game|x64
	EndGlobalSection
	GlobalSection(SolutionProperties) = preSolution
		HideSolutionNode = FALSE
	EndGlobalSection
	GlobalSection(NestedProjects) = preSolution
		{A3649A6A-3755-45AB-9C28-7A6A0D65155A} = {805BB80B-E2F6-40AD-A794-3CD9AA10C409}
		{EB567BF7-8C66-4A6B-94E4-B38B0092C091} = {F64A0647-1C5D-4813-9D1B-E3F36940875F}
	EndGlobalSection
EndGlobal
